
Microsoft Visual Studio Solution File, Format Version 12.00
# Visual Studio Version 17
VisualStudioVersion = 17.3.32804.467
MinimumVisualStudioVersion = 10.0.40219.1
Project("{FAE04EC0-301F-11D3-BF4B-00C04F79EFBC}") = "Shopping.Client", "Shopping.Client\Shopping.Client.csproj", "{A5257C88-58E1-47EA-924E-D35913A5FFF1}"
EndProject
Global
	GlobalSection(SolutionConfigurationPlatforms) = preSolution
		Debug|Any CPU = Debug|Any CPU
		Release|Any CPU = Release|Any CPU
	EndGlobalSection
	GlobalSection(ProjectConfigurationPlatforms) = postSolution
		{A5257C88-58E1-47EA-924E-D35913A5FFF1}.Debug|Any CPU.ActiveCfg = Debug|Any CPU
		{A5257C88-58E1-47EA-924E-D35913A5FFF1}.Debug|Any CPU.Build.0 = Debug|Any CPU
		{A5257C88-58E1-47EA-924E-D35913A5FFF1}.Release|Any CPU.ActiveCfg = Release|Any CPU
		{A5257C88-58E1-47EA-924E-D35913A5FFF1}.Release|Any CPU.Build.0 = Release|Any CPU
	EndGlobalSection
	GlobalSection(SolutionProperties) = preSolution
		HideSolutionNode = FALSE
	EndGlobalSection
	GlobalSection(ExtensibilityGlobals) = postSolution
		SolutionGuid = {0B0BADF1-F6C8-47F2-B5EB-A30E8B1BC35A}
	EndGlobalSection
EndGlobal
